{
  "name": "@cli/core",
  "version": "0.0.0",
  "lockfileVersion": 2,
  "requires": true,
  "packages": {
    "": {
      "name": "@cli/core",
      "version": "0.0.0",
      "license": "ISC",
      "dependencies": {
        "@it-cli/utils": "file:../utils"
      }
    },
    "../utils": {
      "name": "@cli/utils",
      "version": "0.0.0",
      "license": "ISC"
    },
    "node_modules/@it-cli/utils": {
      "resolved": "../utils",
      "link": true
    }
  },
  "dependencies": {
    "@it-cli/utils": {
      "version": "file:../utils"
    }
  }
}
